
Microsoft Visual Studio Solution File, Format Version 12.00
Project("{FAE04EC0-301F-11D3-BF4B-00C04F79EFBC}") = "compiled-query", "compiled-query\compiled-query.csproj", "{D03B030B-F267-4D10-9C5C-861CB23917C1}"
EndProject
Project("{FAE04EC0-301F-11D3-BF4B-00C04F79EFBC}") = "context-pooling", "context-pooling\context-pooling.csproj", "{8A93314C-443D-4C97-8606-4FDAF71261F3}"
EndProject
Project("{FAE04EC0-301F-11D3-BF4B-00C04F79EFBC}") = "from_sql", "from_sql\from_sql.csproj", "{6EDBE3CE-CAD5-49AC-8C8A-3FAFF714ECAF}"
EndProject
Project("{FAE04EC0-301F-11D3-BF4B-00C04F79EFBC}") = "identity-resolution", "identity-resolution\identity-resolution.csproj", "{600371FB-C838-4A2D-9E92-436C22DFEF65}"
EndProject
Project("{FAE04EC0-301F-11D3-BF4B-00C04F79EFBC}") = "query-filters", "query-filters\query-filters.csproj", "{D1DC3D4A-885A-46EA-A9C6-21953A0F859A}"
EndProject
Project("{FAE04EC0-301F-11D3-BF4B-00C04F79EFBC}") = "sproc-mapping", "sproc-mapping\sproc-mapping.csproj", "{45BFD393-2D89-4B24-812E-18FA46922A7A}"
EndProject
Project("{FAE04EC0-301F-11D3-BF4B-00C04F79EFBC}") = "no-tracking", "no-tracking\no-tracking.csproj", "{94557A71-6CA5-45E8-89AA-8034AEAF4654}"
EndProject
Project("{FAE04EC0-301F-11D3-BF4B-00C04F79EFBC}") = "query-projection", "query-projection\query-projection.csproj", "{F38440CB-1B5F-4D09-B394-9948563B8CB3}"
EndProject
Project("{FAE04EC0-301F-11D3-BF4B-00C04F79EFBC}") = "query-tags", "query-tags\query-tags.csproj", "{5929C929-1EC1-4567-BC47-4EBAF565EDC7}"
EndProject
Project("{FAE04EC0-301F-11D3-BF4B-00C04F79EFBC}") = "split-queries", "split-queries\split-queries.csproj", "{B57DA914-6085-488D-9D5F-D4FBE442501F}"
EndProject
Project("{FAE04EC0-301F-11D3-BF4B-00C04F79EFBC}") = "batching-updates-inserts", "batching-updates-inserts\batching-updates-inserts.csproj", "{2DB70363-DBDC-4CCB-AA5F-2B17A507AF30}"
EndProject
Project("{FAE04EC0-301F-11D3-BF4B-00C04F79EFBC}") = "explicit-includes", "explicit-includes\explicit-includes.csproj", "{3FF3B1C0-929C-4C27-9611-B1DE0CADAE5C}"
EndProject
Global
	GlobalSection(SolutionConfigurationPlatforms) = preSolution
		Debug|Any CPU = Debug|Any CPU
		Release|Any CPU = Release|Any CPU
	EndGlobalSection
	GlobalSection(ProjectConfigurationPlatforms) = postSolution
		{D03B030B-F267-4D10-9C5C-861CB23917C1}.Debug|Any CPU.ActiveCfg = Debug|Any CPU
		{D03B030B-F267-4D10-9C5C-861CB23917C1}.Debug|Any CPU.Build.0 = Debug|Any CPU
		{D03B030B-F267-4D10-9C5C-861CB23917C1}.Release|Any CPU.ActiveCfg = Release|Any CPU
		{D03B030B-F267-4D10-9C5C-861CB23917C1}.Release|Any CPU.Build.0 = Release|Any CPU
		{8A93314C-443D-4C97-8606-4FDAF71261F3}.Debug|Any CPU.ActiveCfg = Debug|Any CPU
		{8A93314C-443D-4C97-8606-4FDAF71261F3}.Debug|Any CPU.Build.0 = Debug|Any CPU
		{8A93314C-443D-4C97-8606-4FDAF71261F3}.Release|Any CPU.ActiveCfg = Release|Any CPU
		{8A93314C-443D-4C97-8606-4FDAF71261F3}.Release|Any CPU.Build.0 = Release|Any CPU
		{6EDBE3CE-CAD5-49AC-8C8A-3FAFF714ECAF}.Debug|Any CPU.ActiveCfg = Debug|Any CPU
		{6EDBE3CE-CAD5-49AC-8C8A-3FAFF714ECAF}.Debug|Any CPU.Build.0 = Debug|Any CPU
		{6EDBE3CE-CAD5-49AC-8C8A-3FAFF714ECAF}.Release|Any CPU.ActiveCfg = Release|Any CPU
		{6EDBE3CE-CAD5-49AC-8C8A-3FAFF714ECAF}.Release|Any CPU.Build.0 = Release|Any CPU
		{600371FB-C838-4A2D-9E92-436C22DFEF65}.Debug|Any CPU.ActiveCfg = Debug|Any CPU
		{600371FB-C838-4A2D-9E92-436C22DFEF65}.Debug|Any CPU.Build.0 = Debug|Any CPU
		{600371FB-C838-4A2D-9E92-436C22DFEF65}.Release|Any CPU.ActiveCfg = Release|Any CPU
		{600371FB-C838-4A2D-9E92-436C22DFEF65}.Release|Any CPU.Build.0 = Release|Any CPU
		{D1DC3D4A-885A-46EA-A9C6-21953A0F859A}.Debug|Any CPU.ActiveCfg = Debug|Any CPU
		{D1DC3D4A-885A-46EA-A9C6-21953A0F859A}.Debug|Any CPU.Build.0 = Debug|Any CPU
		{D1DC3D4A-885A-46EA-A9C6-21953A0F859A}.Release|Any CPU.ActiveCfg = Release|Any CPU
		{D1DC3D4A-885A-46EA-A9C6-21953A0F859A}.Release|Any CPU.Build.0 = Release|Any CPU
		{45BFD393-2D89-4B24-812E-18FA46922A7A}.Debug|Any CPU.ActiveCfg = Debug|Any CPU
		{45BFD393-2D89-4B24-812E-18FA46922A7A}.Debug|Any CPU.Build.0 = Debug|Any CPU
		{45BFD393-2D89-4B24-812E-18FA46922A7A}.Release|Any CPU.ActiveCfg = Release|Any CPU
		{45BFD393-2D89-4B24-812E-18FA46922A7A}.Release|Any CPU.Build.0 = Release|Any CPU
		{94557A71-6CA5-45E8-89AA-8034AEAF4654}.Debug|Any CPU.ActiveCfg = Debug|Any CPU
		{94557A71-6CA5-45E8-89AA-8034AEAF4654}.Debug|Any CPU.Build.0 = Debug|Any CPU
		{94557A71-6CA5-45E8-89AA-8034AEAF4654}.Release|Any CPU.ActiveCfg = Release|Any CPU
		{94557A71-6CA5-45E8-89AA-8034AEAF4654}.Release|Any CPU.Build.0 = Release|Any CPU
		{F38440CB-1B5F-4D09-B394-9948563B8CB3}.Debug|Any CPU.ActiveCfg = Debug|Any CPU
		{F38440CB-1B5F-4D09-B394-9948563B8CB3}.Debug|Any CPU.Build.0 = Debug|Any CPU
		{F38440CB-1B5F-4D09-B394-9948563B8CB3}.Release|Any CPU.ActiveCfg = Release|Any CPU
		{F38440CB-1B5F-4D09-B394-9948563B8CB3}.Release|Any CPU.Build.0 = Release|Any CPU
		{5929C929-1EC1-4567-BC47-4EBAF565EDC7}.Debug|Any CPU.ActiveCfg = Debug|Any CPU
		{5929C929-1EC1-4567-BC47-4EBAF565EDC7}.Debug|Any CPU.Build.0 = Debug|Any CPU
		{5929C929-1EC1-4567-BC47-4EBAF565EDC7}.Release|Any CPU.ActiveCfg = Release|Any CPU
		{5929C929-1EC1-4567-BC47-4EBAF565EDC7}.Release|Any CPU.Build.0 = Release|Any CPU
		{B57DA914-6085-488D-9D5F-D4FBE442501F}.Debug|Any CPU.ActiveCfg = Debug|Any CPU
		{B57DA914-6085-488D-9D5F-D4FBE442501F}.Debug|Any CPU.Build.0 = Debug|Any CPU
		{B57DA914-6085-488D-9D5F-D4FBE442501F}.Release|Any CPU.ActiveCfg = Release|Any CPU
		{B57DA914-6085-488D-9D5F-D4FBE442501F}.Release|Any CPU.Build.0 = Release|Any CPU
		{2DB70363-DBDC-4CCB-AA5F-2B17A507AF30}.Debug|Any CPU.ActiveCfg = Debug|Any CPU
		{2DB70363-DBDC-4CCB-AA5F-2B17A507AF30}.Debug|Any CPU.Build.0 = Debug|Any CPU
		{2DB70363-DBDC-4CCB-AA5F-2B17A507AF30}.Release|Any CPU.ActiveCfg = Release|Any CPU
		{2DB70363-DBDC-4CCB-AA5F-2B17A507AF30}.Release|Any CPU.Build.0 = Release|Any CPU
		{3FF3B1C0-929C-4C27-9611-B1DE0CADAE5C}.Debug|Any CPU.ActiveCfg = Debug|Any CPU
		{3FF3B1C0-929C-4C27-9611-B1DE0CADAE5C}.Debug|Any CPU.Build.0 = Debug|Any CPU
		{3FF3B1C0-929C-4C27-9611-B1DE0CADAE5C}.Release|Any CPU.ActiveCfg = Release|Any CPU
		{3FF3B1C0-929C-4C27-9611-B1DE0CADAE5C}.Release|Any CPU.Build.0 = Release|Any CPU
	EndGlobalSection
EndGlobal
